
Microsoft Visual Studio Solution File, Format Version 12.00
# Visual Studio Version 17
VisualStudioVersion = 17.9.34616.47
MinimumVisualStudioVersion = 10.0.40219.1
Project("{FAE04EC0-301F-11D3-BF4B-00C04F79EFBC}") = "WPF_Shema_26_02_2024", "WPF_Shema_26_02_2024.csproj", "{2AE8D9DD-CBFD-4CB0-AD93-B11B64A09423}"
EndProject
Global
	GlobalSection(SolutionConfigurationPlatforms) = preSolution
		Debug|Any CPU = Debug|Any CPU
		Release|Any CPU = Release|Any CPU
	EndGlobalSection
	GlobalSection(ProjectConfigurationPlatforms) = postSolution
		{2AE8D9DD-CBFD-4CB0-AD93-B11B64A09423}.Debug|Any CPU.ActiveCfg = Debug|Any CPU
		{2AE8D9DD-CBFD-4CB0-AD93-B11B64A09423}.Debug|Any CPU.Build.0 = Debug|Any CPU
		{2AE8D9DD-CBFD-4CB0-AD93-B11B64A09423}.Release|Any CPU.ActiveCfg = Release|Any CPU
		{2AE8D9DD-CBFD-4CB0-AD93-B11B64A09423}.Release|Any CPU.Build.0 = Release|Any CPU
	EndGlobalSection
	GlobalSection(SolutionProperties) = preSolution
		HideSolutionNode = FALSE
	EndGlobalSection
	GlobalSection(ExtensibilityGlobals) = postSolution
		SolutionGuid = {17B5D2AC-94C1-4DF4-934B-83E42EBEC66C}
	EndGlobalSection
EndGlobal
